
Microsoft Visual Studio Solution File, Format Version 12.00
# Visual Studio Version 16
VisualStudioVersion = 16.0.31729.503
MinimumVisualStudioVersion = 10.0.40219.1
Project("{FAE04EC0-301F-11D3-BF4B-00C04F79EFBC}") = "TipCalculatorSample", "TipCalculatorSample\TipCalculatorSample.csproj", "{C1C0BF8F-2673-49FA-A659-DA43C9771BE5}"
EndProject
Global
	GlobalSection(SolutionConfigurationPlatforms) = preSolution
		Debug|Any CPU = Debug|Any CPU
		Release|Any CPU = Release|Any CPU
	EndGlobalSection
	GlobalSection(ProjectConfigurationPlatforms) = postSolution
		{C1C0BF8F-2673-49FA-A659-DA43C9771BE5}.Debug|Any CPU.ActiveCfg = Debug|Any CPU
		{C1C0BF8F-2673-49FA-A659-DA43C9771BE5}.Debug|Any CPU.Build.0 = Debug|Any CPU
		{C1C0BF8F-2673-49FA-A659-DA43C9771BE5}.Release|Any CPU.ActiveCfg = Release|Any CPU
		{C1C0BF8F-2673-49FA-A659-DA43C9771BE5}.Release|Any CPU.Build.0 = Release|Any CPU
	EndGlobalSection
	GlobalSection(SolutionProperties) = preSolution
		HideSolutionNode = FALSE
	EndGlobalSection
	GlobalSection(ExtensibilityGlobals) = postSolution
		SolutionGuid = {3F2A9684-5882-40CB-A163-9FF5B896673B}
	EndGlobalSection
EndGlobal
